
Microsoft Visual Studio Solution File, Format Version 12.00
# Visual Studio 15
VisualStudioVersion = 15.0.27703.2047
MinimumVisualStudioVersion = 10.0.40219.1
Project("{FAE04EC0-301F-11D3-BF4B-00C04F79EFBC}") = "SubsidyServices", "SubsidyServices\SubsidyServices.csproj", "{431C0CCC-2043-40BE-A89D-FB3F3B3B3FC2}"
EndProject
Project("{FAE04EC0-301F-11D3-BF4B-00C04F79EFBC}") = "DAL", "DAL\DAL.csproj", "{F91C708D-7F09-4C4C-B847-CDB2F78A4272}"
EndProject
Global
	GlobalSection(SolutionConfigurationPlatforms) = preSolution
		Debug|Any CPU = Debug|Any CPU
		Release|Any CPU = Release|Any CPU
	EndGlobalSection
	GlobalSection(ProjectConfigurationPlatforms) = postSolution
		{431C0CCC-2043-40BE-A89D-FB3F3B3B3FC2}.Debug|Any CPU.ActiveCfg = Debug|Any CPU
		{431C0CCC-2043-40BE-A89D-FB3F3B3B3FC2}.Debug|Any CPU.Build.0 = Debug|Any CPU
		{431C0CCC-2043-40BE-A89D-FB3F3B3B3FC2}.Release|Any CPU.ActiveCfg = Release|Any CPU
		{431C0CCC-2043-40BE-A89D-FB3F3B3B3FC2}.Release|Any CPU.Build.0 = Release|Any CPU
		{F91C708D-7F09-4C4C-B847-CDB2F78A4272}.Debug|Any CPU.ActiveCfg = Debug|Any CPU
		{F91C708D-7F09-4C4C-B847-CDB2F78A4272}.Debug|Any CPU.Build.0 = Debug|Any CPU
		{F91C708D-7F09-4C4C-B847-CDB2F78A4272}.Release|Any CPU.ActiveCfg = Release|Any CPU
		{F91C708D-7F09-4C4C-B847-CDB2F78A4272}.Release|Any CPU.Build.0 = Release|Any CPU
	EndGlobalSection
	GlobalSection(SolutionProperties) = preSolution
		HideSolutionNode = FALSE
	EndGlobalSection
	GlobalSection(ExtensibilityGlobals) = postSolution
		SolutionGuid = {DE415585-BC12-483A-ACC9-2CE64D2B64B1}
	EndGlobalSection
EndGlobal
